// !$*UTF8*$!
{
	archiveVersion = 1;
	classes = {
	};
	objectVersion = 51;
	objects = {

/* Begin PBXBuildFile section */
		0110CF6726307D6600970DD5 /* RemoteProtocol.swift in Sources */ = {isa = PBXBuildFile; fileRef = 0110CF6626307D6600970DD5 /* RemoteProtocol.swift */; };
		0110CF6C26307D9500970DD5 /* Remote.swift in Sources */ = {isa = PBXBuildFile; fileRef = 0110CF6B26307D9500970DD5 /* Remote.swift */; };
		0175E58726308DA20087C4A4 /* 1.jpg in Resources */ = {isa = PBXBuildFile; fileRef = 0175E58626308DA20087C4A4 /* 1.jpg */; };
		01844265263587450040076C /* LatestResultsCollectionViewCell.swift in Sources */ = {isa = PBXBuildFile; fileRef = 01844264263587450040076C /* LatestResultsCollectionViewCell.swift */; };
		0184426A263587540040076C /* UpcomingEventsCollectionViewCell.swift in Sources */ = {isa = PBXBuildFile; fileRef = 01844269263587540040076C /* UpcomingEventsCollectionViewCell.swift */; };
		0184426F2635875D0040076C /* TeamsCollectionViewCell.swift in Sources */ = {isa = PBXBuildFile; fileRef = 0184426E2635875D0040076C /* TeamsCollectionViewCell.swift */; };
		0184427426358C800040076C /* LatestResults.swift in Sources */ = {isa = PBXBuildFile; fileRef = 0184427326358C800040076C /* LatestResults.swift */; };
		0184427F26358D030040076C /* LatestResultsViewObject.swift in Sources */ = {isa = PBXBuildFile; fileRef = 0184427E26358D030040076C /* LatestResultsViewObject.swift */; };
		0184428426358ECD0040076C /* TeamisnLeague.swift in Sources */ = {isa = PBXBuildFile; fileRef = 0184428326358ECD0040076C /* TeamisnLeague.swift */; };
		0184428926358F650040076C /* TeamsViewObject.swift in Sources */ = {isa = PBXBuildFile; fileRef = 0184428826358F650040076C /* TeamsViewObject.swift */; };
		018B72A7263631AE00B71A2D /* UpcomingEvents.swift in Sources */ = {isa = PBXBuildFile; fileRef = 018B72A6263631AE00B71A2D /* UpcomingEvents.swift */; };
		019631DC26337D77005F0FAA /* LeagueViewObject.swift in Sources */ = {isa = PBXBuildFile; fileRef = 019631DB26337D77005F0FAA /* LeagueViewObject.swift */; };
		019631E226337D9F005F0FAA /* LeaguePresenter.swift in Sources */ = {isa = PBXBuildFile; fileRef = 019631E026337D9F005F0FAA /* LeaguePresenter.swift */; };
		019631E326337D9F005F0FAA /* LeaguePresenterProtocol.swift in Sources */ = {isa = PBXBuildFile; fileRef = 019631E126337D9F005F0FAA /* LeaguePresenterProtocol.swift */; };
		019631E826337DCE005F0FAA /* LeaguesTableViewController.swift in Sources */ = {isa = PBXBuildFile; fileRef = 019631E726337DCE005F0FAA /* LeaguesTableViewController.swift */; };
		019631ED26337DF5005F0FAA /* LeagueTableViewCell.swift in Sources */ = {isa = PBXBuildFile; fileRef = 019631EC26337DF5005F0FAA /* LeagueTableViewCell.swift */; };
		019A67A72635F0B200964451 /* LeagueDetailsViewController.swift in Sources */ = {isa = PBXBuildFile; fileRef = 019A67A62635F0B200964451 /* LeagueDetailsViewController.swift */; };
		019A67BF26360ECF00964451 /* UpcomingEventsViewObject.swift in Sources */ = {isa = PBXBuildFile; fileRef = 019A67BE26360ECF00964451 /* UpcomingEventsViewObject.swift */; };
		01AFBFDC263789B6002C8222 /* GetBadges.swift in Sources */ = {isa = PBXBuildFile; fileRef = 01AFBFDB263789B6002C8222 /* GetBadges.swift */; };
		49978AEB1B1678DBAC82F7FF /* Pods_Sports.framework in Frameworks */ = {isa = PBXBuildFile; fileRef = 1CED9A3DD0553ED35B4F6917 /* Pods_Sports.framework */; };
		7481CB0C5FFE274A21BA50D9 /* Pods_SportsTests.framework in Frameworks */ = {isa = PBXBuildFile; fileRef = 532A31054973E91615B2D5F9 /* Pods_SportsTests.framework */; };
		913D58552630CE7E00A01058 /* HomePresenterProtocol.swift in Sources */ = {isa = PBXBuildFile; fileRef = 913D58542630CE7E00A01058 /* HomePresenterProtocol.swift */; };
		913D585A2630CF2B00A01058 /* HomePresenter.swift in Sources */ = {isa = PBXBuildFile; fileRef = 913D58592630CF2B00A01058 /* HomePresenter.swift */; };
		913D585F2630D5D300A01058 /* HomeDelegateProtocol.swift in Sources */ = {isa = PBXBuildFile; fileRef = 913D585E2630D5D300A01058 /* HomeDelegateProtocol.swift */; };
		913E0C53262DA0590046D33F /* AppDelegate.swift in Sources */ = {isa = PBXBuildFile; fileRef = 913E0C52262DA0590046D33F /* AppDelegate.swift */; };
		913E0C55262DA0590046D33F /* SceneDelegate.swift in Sources */ = {isa = PBXBuildFile; fileRef = 913E0C54262DA0590046D33F /* SceneDelegate.swift */; };
		913E0C57262DA0590046D33F /* ViewController.swift in Sources */ = {isa = PBXBuildFile; fileRef = 913E0C56262DA0590046D33F /* ViewController.swift */; };
		913E0C5A262DA0590046D33F /* Main.storyboard in Resources */ = {isa = PBXBuildFile; fileRef = 913E0C58262DA0590046D33F /* Main.storyboard */; };
		913E0C5C262DA05C0046D33F /* Assets.xcassets in Resources */ = {isa = PBXBuildFile; fileRef = 913E0C5B262DA05C0046D33F /* Assets.xcassets */; };
		913E0C5F262DA05C0046D33F /* LaunchScreen.storyboard in Resources */ = {isa = PBXBuildFile; fileRef = 913E0C5D262DA05C0046D33F /* LaunchScreen.storyboard */; };
		913E0C6A262DA05C0046D33F /* SportsTests.swift in Sources */ = {isa = PBXBuildFile; fileRef = 913E0C69262DA05C0046D33F /* SportsTests.swift */; };
		913E0C75262DA05C0046D33F /* SportsUITests.swift in Sources */ = {isa = PBXBuildFile; fileRef = 913E0C74262DA05C0046D33F /* SportsUITests.swift */; };
		913E0CA7262DAE350046D33F /* Helper.swift in Sources */ = {isa = PBXBuildFile; fileRef = 913E0CA6262DAE350046D33F /* Helper.swift */; };
		915A592B262E2EFC00F203A0 /* Sports.swift in Sources */ = {isa = PBXBuildFile; fileRef = 915A592A262E2EFB00F203A0 /* Sports.swift */; };
		915A5935262E38BB00F203A0 /* Leagues.swift in Sources */ = {isa = PBXBuildFile; fileRef = 915A5934262E38BB00F203A0 /* Leagues.swift */; };
		915A5943262E3DC500F203A0 /* LeagueDetails.swift in Sources */ = {isa = PBXBuildFile; fileRef = 915A5942262E3DC500F203A0 /* LeagueDetails.swift */; };
		915A5949262E414A00F203A0 /* LeagueTeams.swift in Sources */ = {isa = PBXBuildFile; fileRef = 915A5948262E414A00F203A0 /* LeagueTeams.swift */; };
		916EB0FB26382A96007C8191 /* LeaguesDetailsPresenterProtocol.swift in Sources */ = {isa = PBXBuildFile; fileRef = 916EB0FA26382A96007C8191 /* LeaguesDetailsPresenterProtocol.swift */; };
		916EB10326382EDD007C8191 /* LeaguesDetailsPresenter.swift in Sources */ = {isa = PBXBuildFile; fileRef = 916EB10226382EDD007C8191 /* LeaguesDetailsPresenter.swift */; };
		9197A7A12630A2C800DF0888 /* HomeCollectionViewCell.swift in Sources */ = {isa = PBXBuildFile; fileRef = 9197A7A02630A2C800DF0888 /* HomeCollectionViewCell.swift */; };
		9197A7A92630A2DC00DF0888 /* HomeCollectionViewController.swift in Sources */ = {isa = PBXBuildFile; fileRef = 9197A7A82630A2DC00DF0888 /* HomeCollectionViewController.swift */; };
		91C5DFC626399EFC008E67FA /* TeamDetailsPresenterProtocol.swift in Sources */ = {isa = PBXBuildFile; fileRef = 91C5DFC526399EFC008E67FA /* TeamDetailsPresenterProtocol.swift */; };
		91C5DFCB26399F12008E67FA /* TeamDetailsPresenter.swift in Sources */ = {isa = PBXBuildFile; fileRef = 91C5DFCA26399F12008E67FA /* TeamDetailsPresenter.swift */; };
		91C5DFD026399F49008E67FA /* TeamDetailsObject.swift in Sources */ = {isa = PBXBuildFile; fileRef = 91C5DFCF26399F49008E67FA /* TeamDetailsObject.swift */; };
		91C5DFD52639A80E008E67FA /* TeamDetailsViewController.swift in Sources */ = {isa = PBXBuildFile; fileRef = 91C5DFD42639A80E008E67FA /* TeamDetailsViewController.swift */; };
		AE81305A9205CC40253E54F2 /* Pods_Sports_SportsUITests.framework in Frameworks */ = {isa = PBXBuildFile; fileRef = 4DEFF01EF068DDFD4F21EDA9 /* Pods_Sports_SportsUITests.framework */; };
/* End PBXBuildFile section */

/* Begin PBXContainerItemProxy section */
		913E0C66262DA05C0046D33F /* PBXContainerItemProxy */ = {
			isa = PBXContainerItemProxy;
			containerPortal = 913E0C47262DA0590046D33F /* Project object */;
			proxyType = 1;
			remoteGlobalIDString = 913E0C4E262DA0590046D33F;
			remoteInfo = Sports;
		};
		913E0C71262DA05C0046D33F /* PBXContainerItemProxy */ = {
			isa = PBXContainerItemProxy;
			containerPortal = 913E0C47262DA0590046D33F /* Project object */;
			proxyType = 1;
			remoteGlobalIDString = 913E0C4E262DA0590046D33F;
			remoteInfo = Sports;
		};
/* End PBXContainerItemProxy section */

/* Begin PBXFileReference section */
		0110CF6626307D6600970DD5 /* RemoteProtocol.swift */ = {isa = PBXFileReference; lastKnownFileType = sourcecode.swift; path = RemoteProtocol.swift; sourceTree = "<group>"; };
		0110CF6B26307D9500970DD5 /* Remote.swift */ = {isa = PBXFileReference; lastKnownFileType = sourcecode.swift; path = Remote.swift; sourceTree = "<group>"; };
		0175E58626308DA20087C4A4 /* 1.jpg */ = {isa = PBXFileReference; lastKnownFileType = image.jpeg; path = 1.jpg; sourceTree = "<group>"; };
		01844264263587450040076C /* LatestResultsCollectionViewCell.swift */ = {isa = PBXFileReference; lastKnownFileType = sourcecode.swift; path = LatestResultsCollectionViewCell.swift; sourceTree = "<group>"; };
		01844269263587540040076C /* UpcomingEventsCollectionViewCell.swift */ = {isa = PBXFileReference; lastKnownFileType = sourcecode.swift; path = UpcomingEventsCollectionViewCell.swift; sourceTree = "<group>"; };
		0184426E2635875D0040076C /* TeamsCollectionViewCell.swift */ = {isa = PBXFileReference; lastKnownFileType = sourcecode.swift; path = TeamsCollectionViewCell.swift; sourceTree = "<group>"; };
		0184427326358C800040076C /* LatestResults.swift */ = {isa = PBXFileReference; lastKnownFileType = sourcecode.swift; path = LatestResults.swift; sourceTree = "<group>"; };
		0184427E26358D030040076C /* LatestResultsViewObject.swift */ = {isa = PBXFileReference; lastKnownFileType = sourcecode.swift; path = LatestResultsViewObject.swift; sourceTree = "<group>"; };
		0184428326358ECD0040076C /* TeamisnLeague.swift */ = {isa = PBXFileReference; lastKnownFileType = sourcecode.swift; path = TeamisnLeague.swift; sourceTree = "<group>"; };
		0184428826358F650040076C /* TeamsViewObject.swift */ = {isa = PBXFileReference; lastKnownFileType = sourcecode.swift; path = TeamsViewObject.swift; sourceTree = "<group>"; };
		018B72A6263631AE00B71A2D /* UpcomingEvents.swift */ = {isa = PBXFileReference; lastKnownFileType = sourcecode.swift; path = UpcomingEvents.swift; sourceTree = "<group>"; };
		019631DB26337D77005F0FAA /* LeagueViewObject.swift */ = {isa = PBXFileReference; fileEncoding = 4; lastKnownFileType = sourcecode.swift; path = LeagueViewObject.swift; sourceTree = "<group>"; };
		019631E026337D9F005F0FAA /* LeaguePresenter.swift */ = {isa = PBXFileReference; fileEncoding = 4; lastKnownFileType = sourcecode.swift; path = LeaguePresenter.swift; sourceTree = "<group>"; };
		019631E126337D9F005F0FAA /* LeaguePresenterProtocol.swift */ = {isa = PBXFileReference; fileEncoding = 4; lastKnownFileType = sourcecode.swift; path = LeaguePresenterProtocol.swift; sourceTree = "<group>"; };
		019631E726337DCE005F0FAA /* LeaguesTableViewController.swift */ = {isa = PBXFileReference; fileEncoding = 4; lastKnownFileType = sourcecode.swift; name = LeaguesTableViewController.swift; path = Sports/Leagues/View/LeaguesTableViewController.swift; sourceTree = SOURCE_ROOT; };
		019631EC26337DF5005F0FAA /* LeagueTableViewCell.swift */ = {isa = PBXFileReference; fileEncoding = 4; lastKnownFileType = sourcecode.swift; path = LeagueTableViewCell.swift; sourceTree = "<group>"; };
		019A67A62635F0B200964451 /* LeagueDetailsViewController.swift */ = {isa = PBXFileReference; lastKnownFileType = sourcecode.swift; path = LeagueDetailsViewController.swift; sourceTree = "<group>"; };
		019A67BE26360ECF00964451 /* UpcomingEventsViewObject.swift */ = {isa = PBXFileReference; lastKnownFileType = sourcecode.swift; path = UpcomingEventsViewObject.swift; sourceTree = "<group>"; };
		01AFBFDB263789B6002C8222 /* GetBadges.swift */ = {isa = PBXFileReference; lastKnownFileType = sourcecode.swift; path = GetBadges.swift; sourceTree = "<group>"; };
		1CED9A3DD0553ED35B4F6917 /* Pods_Sports.framework */ = {isa = PBXFileReference; explicitFileType = wrapper.framework; includeInIndex = 0; path = Pods_Sports.framework; sourceTree = BUILT_PRODUCTS_DIR; };
		24C29D40508E91A0ABC96365 /* Pods-Sports-SportsUITests.debug.xcconfig */ = {isa = PBXFileReference; includeInIndex = 1; lastKnownFileType = text.xcconfig; name = "Pods-Sports-SportsUITests.debug.xcconfig"; path = "Target Support Files/Pods-Sports-SportsUITests/Pods-Sports-SportsUITests.debug.xcconfig"; sourceTree = "<group>"; };
		4DEFF01EF068DDFD4F21EDA9 /* Pods_Sports_SportsUITests.framework */ = {isa = PBXFileReference; explicitFileType = wrapper.framework; includeInIndex = 0; path = Pods_Sports_SportsUITests.framework; sourceTree = BUILT_PRODUCTS_DIR; };
		532A31054973E91615B2D5F9 /* Pods_SportsTests.framework */ = {isa = PBXFileReference; explicitFileType = wrapper.framework; includeInIndex = 0; path = Pods_SportsTests.framework; sourceTree = BUILT_PRODUCTS_DIR; };
		65F1D31AB87D016302559B8B /* Pods-Sports.release.xcconfig */ = {isa = PBXFileReference; includeInIndex = 1; lastKnownFileType = text.xcconfig; name = "Pods-Sports.release.xcconfig"; path = "Target Support Files/Pods-Sports/Pods-Sports.release.xcconfig"; sourceTree = "<group>"; };
		7C4DFA78662DFAB0B980ACA5 /* Pods-Sports.debug.xcconfig */ = {isa = PBXFileReference; includeInIndex = 1; lastKnownFileType = text.xcconfig; name = "Pods-Sports.debug.xcconfig"; path = "Target Support Files/Pods-Sports/Pods-Sports.debug.xcconfig"; sourceTree = "<group>"; };
		876EB3C5A273B7DDC2AB7567 /* Pods-Sports-SportsUITests.release.xcconfig */ = {isa = PBXFileReference; includeInIndex = 1; lastKnownFileType = text.xcconfig; name = "Pods-Sports-SportsUITests.release.xcconfig"; path = "Target Support Files/Pods-Sports-SportsUITests/Pods-Sports-SportsUITests.release.xcconfig"; sourceTree = "<group>"; };
		913D58542630CE7E00A01058 /* HomePresenterProtocol.swift */ = {isa = PBXFileReference; lastKnownFileType = sourcecode.swift; path = HomePresenterProtocol.swift; sourceTree = "<group>"; };
		913D58592630CF2B00A01058 /* HomePresenter.swift */ = {isa = PBXFileReference; lastKnownFileType = sourcecode.swift; path = HomePresenter.swift; sourceTree = "<group>"; };
		913D585E2630D5D300A01058 /* HomeDelegateProtocol.swift */ = {isa = PBXFileReference; lastKnownFileType = sourcecode.swift; path = HomeDelegateProtocol.swift; sourceTree = "<group>"; };
		913E0C4F262DA0590046D33F /* Sports.app */ = {isa = PBXFileReference; explicitFileType = wrapper.application; includeInIndex = 0; path = Sports.app; sourceTree = BUILT_PRODUCTS_DIR; };
		913E0C52262DA0590046D33F /* AppDelegate.swift */ = {isa = PBXFileReference; lastKnownFileType = sourcecode.swift; path = AppDelegate.swift; sourceTree = "<group>"; };
		913E0C54262DA0590046D33F /* SceneDelegate.swift */ = {isa = PBXFileReference; lastKnownFileType = sourcecode.swift; path = SceneDelegate.swift; sourceTree = "<group>"; };
		913E0C56262DA0590046D33F /* ViewController.swift */ = {isa = PBXFileReference; lastKnownFileType = sourcecode.swift; path = ViewController.swift; sourceTree = "<group>"; };
		913E0C59262DA0590046D33F /* Base */ = {isa = PBXFileReference; lastKnownFileType = file.storyboard; name = Base; path = Base.lproj/Main.storyboard; sourceTree = "<group>"; };
		913E0C5B262DA05C0046D33F /* Assets.xcassets */ = {isa = PBXFileReference; lastKnownFileType = folder.assetcatalog; path = Assets.xcassets; sourceTree = "<group>"; };
		913E0C5E262DA05C0046D33F /* Base */ = {isa = PBXFileReference; lastKnownFileType = file.storyboard; name = Base; path = Base.lproj/LaunchScreen.storyboard; sourceTree = "<group>"; };
		913E0C60262DA05C0046D33F /* Info.plist */ = {isa = PBXFileReference; lastKnownFileType = text.plist.xml; path = Info.plist; sourceTree = "<group>"; };
		913E0C65262DA05C0046D33F /* SportsTests.xctest */ = {isa = PBXFileReference; explicitFileType = wrapper.cfbundle; includeInIndex = 0; path = SportsTests.xctest; sourceTree = BUILT_PRODUCTS_DIR; };
		913E0C69262DA05C0046D33F /* SportsTests.swift */ = {isa = PBXFileReference; lastKnownFileType = sourcecode.swift; path = SportsTests.swift; sourceTree = "<group>"; };
		913E0C6B262DA05C0046D33F /* Info.plist */ = {isa = PBXFileReference; lastKnownFileType = text.plist.xml; path = Info.plist; sourceTree = "<group>"; };
		913E0C70262DA05C0046D33F /* SportsUITests.xctest */ = {isa = PBXFileReference; explicitFileType = wrapper.cfbundle; includeInIndex = 0; path = SportsUITests.xctest; sourceTree = BUILT_PRODUCTS_DIR; };
		913E0C74262DA05C0046D33F /* SportsUITests.swift */ = {isa = PBXFileReference; lastKnownFileType = sourcecode.swift; path = SportsUITests.swift; sourceTree = "<group>"; };
		913E0C76262DA05C0046D33F /* Info.plist */ = {isa = PBXFileReference; lastKnownFileType = text.plist.xml; path = Info.plist; sourceTree = "<group>"; };
		913E0CA6262DAE350046D33F /* Helper.swift */ = {isa = PBXFileReference; lastKnownFileType = sourcecode.swift; path = Helper.swift; sourceTree = "<group>"; };
		915A592A262E2EFB00F203A0 /* Sports.swift */ = {isa = PBXFileReference; lastKnownFileType = sourcecode.swift; path = Sports.swift; sourceTree = "<group>"; };
		915A5934262E38BB00F203A0 /* Leagues.swift */ = {isa = PBXFileReference; lastKnownFileType = sourcecode.swift; path = Leagues.swift; sourceTree = "<group>"; };
		915A5942262E3DC500F203A0 /* LeagueDetails.swift */ = {isa = PBXFileReference; lastKnownFileType = sourcecode.swift; path = LeagueDetails.swift; sourceTree = "<group>"; };
		915A5948262E414A00F203A0 /* LeagueTeams.swift */ = {isa = PBXFileReference; lastKnownFileType = sourcecode.swift; path = LeagueTeams.swift; sourceTree = "<group>"; };
		916EB0FA26382A96007C8191 /* LeaguesDetailsPresenterProtocol.swift */ = {isa = PBXFileReference; lastKnownFileType = sourcecode.swift; path = LeaguesDetailsPresenterProtocol.swift; sourceTree = "<group>"; };
		916EB10226382EDD007C8191 /* LeaguesDetailsPresenter.swift */ = {isa = PBXFileReference; lastKnownFileType = sourcecode.swift; path = LeaguesDetailsPresenter.swift; sourceTree = "<group>"; };
		9197A7A02630A2C800DF0888 /* HomeCollectionViewCell.swift */ = {isa = PBXFileReference; lastKnownFileType = sourcecode.swift; path = HomeCollectionViewCell.swift; sourceTree = "<group>"; };
		9197A7A82630A2DC00DF0888 /* HomeCollectionViewController.swift */ = {isa = PBXFileReference; lastKnownFileType = sourcecode.swift; path = HomeCollectionViewController.swift; sourceTree = "<group>"; };
		91C5DFC526399EFC008E67FA /* TeamDetailsPresenterProtocol.swift */ = {isa = PBXFileReference; lastKnownFileType = sourcecode.swift; name = TeamDetailsPresenterProtocol.swift; path = Sports/TeamDetailsPresenterProtocol.swift; sourceTree = SOURCE_ROOT; };
		91C5DFCA26399F12008E67FA /* TeamDetailsPresenter.swift */ = {isa = PBXFileReference; lastKnownFileType = sourcecode.swift; name = TeamDetailsPresenter.swift; path = Sports/TeamDetailsPresenter.swift; sourceTree = SOURCE_ROOT; };
		91C5DFCF26399F49008E67FA /* TeamDetailsObject.swift */ = {isa = PBXFileReference; lastKnownFileType = sourcecode.swift; name = TeamDetailsObject.swift; path = Sports/TeamDetailsObject.swift; sourceTree = SOURCE_ROOT; };
		91C5DFD42639A80E008E67FA /* TeamDetailsViewController.swift */ = {isa = PBXFileReference; lastKnownFileType = sourcecode.swift; name = TeamDetailsViewController.swift; path = Sports/TeamDetailsViewController.swift; sourceTree = SOURCE_ROOT; };
		93B6867F740E1D46DD78228D /* Pods-SportsTests.release.xcconfig */ = {isa = PBXFileReference; includeInIndex = 1; lastKnownFileType = text.xcconfig; name = "Pods-SportsTests.release.xcconfig"; path = "Target Support Files/Pods-SportsTests/Pods-SportsTests.release.xcconfig"; sourceTree = "<group>"; };
		9630304FFB4BC27B385ECE63 /* Pods-SportsTests.debug.xcconfig */ = {isa = PBXFileReference; includeInIndex = 1; lastKnownFileType = text.xcconfig; name = "Pods-SportsTests.debug.xcconfig"; path = "Target Support Files/Pods-SportsTests/Pods-SportsTests.debug.xcconfig"; sourceTree = "<group>"; };
/* End PBXFileReference section */

/* Begin PBXFrameworksBuildPhase section */
		913E0C4C262DA0590046D33F /* Frameworks */ = {
			isa = PBXFrameworksBuildPhase;
			buildActionMask = 2147483647;
			files = (
				49978AEB1B1678DBAC82F7FF /* Pods_Sports.framework in Frameworks */,
			);
			runOnlyForDeploymentPostprocessing = 0;
		};
		913E0C62262DA05C0046D33F /* Frameworks */ = {
			isa = PBXFrameworksBuildPhase;
			buildActionMask = 2147483647;
			files = (
				7481CB0C5FFE274A21BA50D9 /* Pods_SportsTests.framework in Frameworks */,
			);
			runOnlyForDeploymentPostprocessing = 0;
		};
		913E0C6D262DA05C0046D33F /* Frameworks */ = {
			isa = PBXFrameworksBuildPhase;
			buildActionMask = 2147483647;
			files = (
				AE81305A9205CC40253E54F2 /* Pods_Sports_SportsUITests.framework in Frameworks */,
			);
			runOnlyForDeploymentPostprocessing = 0;
		};
/* End PBXFrameworksBuildPhase section */

/* Begin PBXGroup section */
		01940B652634F22400B1D4EA /* Teams */ = {
			isa = PBXGroup;
			children = (
				0184426E2635875D0040076C /* TeamsCollectionViewCell.swift */,
			);
			path = Teams;
			sourceTree = "<group>";
		};
		01940B662634F23100B1D4EA /* UpcomingEvents */ = {
			isa = PBXGroup;
			children = (
				01844269263587540040076C /* UpcomingEventsCollectionViewCell.swift */,
			);
			path = UpcomingEvents;
			sourceTree = "<group>";
		};
		01940B672634F25600B1D4EA /* LatestResults */ = {
			isa = PBXGroup;
			children = (
				01844264263587450040076C /* LatestResultsCollectionViewCell.swift */,
			);
			path = LatestResults;
			sourceTree = "<group>";
		};
		1CAF16A41A38A9529AAA110E /* Frameworks */ = {
			isa = PBXGroup;
			children = (
				1CED9A3DD0553ED35B4F6917 /* Pods_Sports.framework */,
				4DEFF01EF068DDFD4F21EDA9 /* Pods_Sports_SportsUITests.framework */,
				532A31054973E91615B2D5F9 /* Pods_SportsTests.framework */,
			);
			name = Frameworks;
			sourceTree = "<group>";
		};
		2777EB1A83FCA596FCC9B55D /* Pods */ = {
			isa = PBXGroup;
			children = (
				7C4DFA78662DFAB0B980ACA5 /* Pods-Sports.debug.xcconfig */,
				65F1D31AB87D016302559B8B /* Pods-Sports.release.xcconfig */,
				24C29D40508E91A0ABC96365 /* Pods-Sports-SportsUITests.debug.xcconfig */,
				876EB3C5A273B7DDC2AB7567 /* Pods-Sports-SportsUITests.release.xcconfig */,
				9630304FFB4BC27B385ECE63 /* Pods-SportsTests.debug.xcconfig */,
				93B6867F740E1D46DD78228D /* Pods-SportsTests.release.xcconfig */,
			);
			path = Pods;
			sourceTree = "<group>";
		};
		913E0C46262DA0590046D33F = {
			isa = PBXGroup;
			children = (
				913E0C51262DA0590046D33F /* Sports */,
				913E0C68262DA05C0046D33F /* SportsTests */,
				913E0C73262DA05C0046D33F /* SportsUITests */,
				913E0C50262DA0590046D33F /* Products */,
				2777EB1A83FCA596FCC9B55D /* Pods */,
				1CAF16A41A38A9529AAA110E /* Frameworks */,
			);
			sourceTree = "<group>";
		};
		913E0C50262DA0590046D33F /* Products */ = {
			isa = PBXGroup;
			children = (
				913E0C4F262DA0590046D33F /* Sports.app */,
				913E0C65262DA05C0046D33F /* SportsTests.xctest */,
				913E0C70262DA05C0046D33F /* SportsUITests.xctest */,
			);
			name = Products;
			sourceTree = "<group>";
		};
		913E0C51262DA0590046D33F /* Sports */ = {
			isa = PBXGroup;
			children = (
				9197A79C2630A26F00DF0888 /* Home */,
				0175E58626308DA20087C4A4 /* 1.jpg */,
				913E0CA5262DAE260046D33F /* Helper */,
				913E0CA1262DAB740046D33F /* LeaguesDetails */,
				913E0C97262DA6C90046D33F /* TeamDetails */,
				913E0C93262DA6880046D33F /* Leagues */,
				913E0C85262DA0830046D33F /* Model */,
				913E0C8E262DA4980046D33F /* Services */,
				913E0C52262DA0590046D33F /* AppDelegate.swift */,
				913E0C54262DA0590046D33F /* SceneDelegate.swift */,
				913E0C56262DA0590046D33F /* ViewController.swift */,
				913E0C58262DA0590046D33F /* Main.storyboard */,
				913E0C5B262DA05C0046D33F /* Assets.xcassets */,
				913E0C5D262DA05C0046D33F /* LaunchScreen.storyboard */,
				913E0C60262DA05C0046D33F /* Info.plist */,
			);
			path = Sports;
			sourceTree = "<group>";
		};
		913E0C68262DA05C0046D33F /* SportsTests */ = {
			isa = PBXGroup;
			children = (
				913E0C69262DA05C0046D33F /* SportsTests.swift */,
				913E0C6B262DA05C0046D33F /* Info.plist */,
			);
			path = SportsTests;
			sourceTree = "<group>";
		};
		913E0C73262DA05C0046D33F /* SportsUITests */ = {
			isa = PBXGroup;
			children = (
				913E0C74262DA05C0046D33F /* SportsUITests.swift */,
				913E0C76262DA05C0046D33F /* Info.plist */,
			);
			path = SportsUITests;
			sourceTree = "<group>";
		};
		913E0C85262DA0830046D33F /* Model */ = {
			isa = PBXGroup;
			children = (
				913E0C86262DA1080046D33F /* Model Objects  */,
			);
			path = Model;
			sourceTree = "<group>";
		};
		913E0C86262DA1080046D33F /* Model Objects  */ = {
			isa = PBXGroup;
			children = (
				915A592A262E2EFB00F203A0 /* Sports.swift */,
				915A5934262E38BB00F203A0 /* Leagues.swift */,
				915A5942262E3DC500F203A0 /* LeagueDetails.swift */,
				915A5948262E414A00F203A0 /* LeagueTeams.swift */,
				0184427326358C800040076C /* LatestResults.swift */,
				0184428326358ECD0040076C /* TeamisnLeague.swift */,
				018B72A6263631AE00B71A2D /* UpcomingEvents.swift */,
			);
			path = "Model Objects ";
			sourceTree = "<group>";
		};
		913E0C8E262DA4980046D33F /* Services */ = {
			isa = PBXGroup;
			children = (
				913E0CA0262DAB360046D33F /* Utility */,
				913E0C9F262DAB0D0046D33F /* DataSource */,
			);
			path = Services;
			sourceTree = "<group>";
		};
		913E0C8F262DA4A00046D33F /* Remote */ = {
			isa = PBXGroup;
			children = (
				0110CF6626307D6600970DD5 /* RemoteProtocol.swift */,
				0110CF6B26307D9500970DD5 /* Remote.swift */,
			);
			path = Remote;
			sourceTree = "<group>";
		};
		913E0C90262DA4C00046D33F /* Local */ = {
			isa = PBXGroup;
			children = (
			);
			path = Local;
			sourceTree = "<group>";
		};
		913E0C92262DA5590046D33F /* Repo */ = {
			isa = PBXGroup;
			children = (
			);
			path = Repo;
			sourceTree = "<group>";
		};
		913E0C93262DA6880046D33F /* Leagues */ = {
			isa = PBXGroup;
			children = (
				913E0C96262DA6C30046D33F /* Model */,
				913E0C95262DA6B10046D33F /* Presenter */,
				913E0C94262DA6AB0046D33F /* View */,
			);
			path = Leagues;
			sourceTree = "<group>";
		};
		913E0C94262DA6AB0046D33F /* View */ = {
			isa = PBXGroup;
			children = (
				019631EC26337DF5005F0FAA /* LeagueTableViewCell.swift */,
				019631E726337DCE005F0FAA /* LeaguesTableViewController.swift */,
			);
			path = View;
			sourceTree = "<group>";
		};
		913E0C95262DA6B10046D33F /* Presenter */ = {
			isa = PBXGroup;
			children = (
				019631E026337D9F005F0FAA /* LeaguePresenter.swift */,
				019631E126337D9F005F0FAA /* LeaguePresenterProtocol.swift */,
			);
			path = Presenter;
			sourceTree = "<group>";
		};
		913E0C96262DA6C30046D33F /* Model */ = {
			isa = PBXGroup;
			children = (
				019631DB26337D77005F0FAA /* LeagueViewObject.swift */,
			);
			path = Model;
			sourceTree = "<group>";
		};
		913E0C97262DA6C90046D33F /* TeamDetails */ = {
			isa = PBXGroup;
			children = (
				913E0C9E262DA70D0046D33F /* Model */,
				913E0C9B262DA6E60046D33F /* Presenter */,
				913E0C99262DA6D90046D33F /* View */,
			);
			path = TeamDetails;
			sourceTree = "<group>";
		};
		913E0C99262DA6D90046D33F /* View */ = {
			isa = PBXGroup;
			children = (
				91C5DFD42639A80E008E67FA /* TeamDetailsViewController.swift */,
			);
			path = View;
			sourceTree = "<group>";
		};
		913E0C9B262DA6E60046D33F /* Presenter */ = {
			isa = PBXGroup;
			children = (
				91C5DFC526399EFC008E67FA /* TeamDetailsPresenterProtocol.swift */,
				91C5DFCA26399F12008E67FA /* TeamDetailsPresenter.swift */,
			);
			path = Presenter;
			sourceTree = "<group>";
		};
		913E0C9E262DA70D0046D33F /* Model */ = {
			isa = PBXGroup;
			children = (
				91C5DFCF26399F49008E67FA /* TeamDetailsObject.swift */,
			);
			path = Model;
			sourceTree = "<group>";
		};
		913E0C9F262DAB0D0046D33F /* DataSource */ = {
			isa = PBXGroup;
			children = (
				913E0C90262DA4C00046D33F /* Local */,
				913E0C92262DA5590046D33F /* Repo */,
				913E0C8F262DA4A00046D33F /* Remote */,
			);
			path = DataSource;
			sourceTree = "<group>";
		};
		913E0CA0262DAB360046D33F /* Utility */ = {
			isa = PBXGroup;
			children = (
				01AFBFDB263789B6002C8222 /* GetBadges.swift */,
			);
			path = Utility;
			sourceTree = "<group>";
		};
		913E0CA1262DAB740046D33F /* LeaguesDetails */ = {
			isa = PBXGroup;
			children = (
				913E0CA4262DAB9A0046D33F /* Model */,
				913E0CA3262DAB910046D33F /* Presenter */,
				913E0CA2262DAB890046D33F /* View */,
			);
			path = LeaguesDetails;
			sourceTree = "<group>";
		};
		913E0CA2262DAB890046D33F /* View */ = {
			isa = PBXGroup;
			children = (
				01940B672634F25600B1D4EA /* LatestResults */,
				01940B662634F23100B1D4EA /* UpcomingEvents */,
				01940B652634F22400B1D4EA /* Teams */,
				019A67A62635F0B200964451 /* LeagueDetailsViewController.swift */,
			);
			path = View;
			sourceTree = "<group>";
		};
		913E0CA3262DAB910046D33F /* Presenter */ = {
			isa = PBXGroup;
			children = (
				916EB0FA26382A96007C8191 /* LeaguesDetailsPresenterProtocol.swift */,
				916EB10226382EDD007C8191 /* LeaguesDetailsPresenter.swift */,
			);
			path = Presenter;
			sourceTree = "<group>";
		};
		913E0CA4262DAB9A0046D33F /* Model */ = {
			isa = PBXGroup;
			children = (
				0184427E26358D030040076C /* LatestResultsViewObject.swift */,
				0184428826358F650040076C /* TeamsViewObject.swift */,
				019A67BE26360ECF00964451 /* UpcomingEventsViewObject.swift */,
			);
			path = Model;
			sourceTree = "<group>";
		};
		913E0CA5262DAE260046D33F /* Helper */ = {
			isa = PBXGroup;
			children = (
				913E0CA6262DAE350046D33F /* Helper.swift */,
			);
			path = Helper;
			sourceTree = "<group>";
		};
		9197A79C2630A26F00DF0888 /* Home */ = {
			isa = PBXGroup;
			children = (
				9197A79F2630A28800DF0888 /* Model */,
				9197A79E2630A28100DF0888 /* Presenter */,
				9197A79D2630A27500DF0888 /* View */,
			);
			path = Home;
			sourceTree = "<group>";
		};
		9197A79D2630A27500DF0888 /* View */ = {
			isa = PBXGroup;
			children = (
				9197A7A82630A2DC00DF0888 /* HomeCollectionViewController.swift */,
				9197A7A02630A2C800DF0888 /* HomeCollectionViewCell.swift */,
				913D585E2630D5D300A01058 /* HomeDelegateProtocol.swift */,
			);
			path = View;
			sourceTree = "<group>";
		};
		9197A79E2630A28100DF0888 /* Presenter */ = {
			isa = PBXGroup;
			children = (
				913D58542630CE7E00A01058 /* HomePresenterProtocol.swift */,
				913D58592630CF2B00A01058 /* HomePresenter.swift */,
			);
			path = Presenter;
			sourceTree = "<group>";
		};
		9197A79F2630A28800DF0888 /* Model */ = {
			isa = PBXGroup;
			children = (
			);
			path = Model;
			sourceTree = "<group>";
		};
/* End PBXGroup section */

/* Begin PBXNativeTarget section */
		913E0C4E262DA0590046D33F /* Sports */ = {
			isa = PBXNativeTarget;
			buildConfigurationList = 913E0C79262DA05C0046D33F /* Build configuration list for PBXNativeTarget "Sports" */;
			buildPhases = (
				AFC6EFDDDAE2FC147E83C85F /* [CP] Check Pods Manifest.lock */,
				913E0C4B262DA0590046D33F /* Sources */,
				913E0C4C262DA0590046D33F /* Frameworks */,
				913E0C4D262DA0590046D33F /* Resources */,
				C1BB89B65FA1580F2C7A54B8 /* [CP] Embed Pods Frameworks */,
			);
			buildRules = (
			);
			dependencies = (
			);
			name = Sports;
			productName = Sports;
			productReference = 913E0C4F262DA0590046D33F /* Sports.app */;
			productType = "com.apple.product-type.application";
		};
		913E0C64262DA05C0046D33F /* SportsTests */ = {
			isa = PBXNativeTarget;
			buildConfigurationList = 913E0C7C262DA05C0046D33F /* Build configuration list for PBXNativeTarget "SportsTests" */;
			buildPhases = (
				76F460D7EF4446102A6A835E /* [CP] Check Pods Manifest.lock */,
				913E0C61262DA05C0046D33F /* Sources */,
				913E0C62262DA05C0046D33F /* Frameworks */,
				913E0C63262DA05C0046D33F /* Resources */,
			);
			buildRules = (
			);
			dependencies = (
				913E0C67262DA05C0046D33F /* PBXTargetDependency */,
			);
			name = SportsTests;
			productName = SportsTests;
			productReference = 913E0C65262DA05C0046D33F /* SportsTests.xctest */;
			productType = "com.apple.product-type.bundle.unit-test";
		};
		913E0C6F262DA05C0046D33F /* SportsUITests */ = {
			isa = PBXNativeTarget;
			buildConfigurationList = 913E0C7F262DA05C0046D33F /* Build configuration list for PBXNativeTarget "SportsUITests" */;
			buildPhases = (
				26C2EFA708F7CF190C60CA1C /* [CP] Check Pods Manifest.lock */,
				913E0C6C262DA05C0046D33F /* Sources */,
				913E0C6D262DA05C0046D33F /* Frameworks */,
				913E0C6E262DA05C0046D33F /* Resources */,
				6EB174B4447A276994986E06 /* [CP] Embed Pods Frameworks */,
			);
			buildRules = (
			);
			dependencies = (
				913E0C72262DA05C0046D33F /* PBXTargetDependency */,
			);
			name = SportsUITests;
			productName = SportsUITests;
			productReference = 913E0C70262DA05C0046D33F /* SportsUITests.xctest */;
			productType = "com.apple.product-type.bundle.ui-testing";
		};
/* End PBXNativeTarget section */

/* Begin PBXProject section */
		913E0C47262DA0590046D33F /* Project object */ = {
			isa = PBXProject;
			attributes = {
				LastSwiftUpdateCheck = 1240;
				LastUpgradeCheck = 1240;
				TargetAttributes = {
					913E0C4E262DA0590046D33F = {
						CreatedOnToolsVersion = 12.4;
					};
					913E0C64262DA05C0046D33F = {
						CreatedOnToolsVersion = 12.4;
						TestTargetID = 913E0C4E262DA0590046D33F;
					};
					913E0C6F262DA05C0046D33F = {
						CreatedOnToolsVersion = 12.4;
						TestTargetID = 913E0C4E262DA0590046D33F;
					};
				};
			};
			buildConfigurationList = 913E0C4A262DA0590046D33F /* Build configuration list for PBXProject "Sports" */;
			compatibilityVersion = "Xcode 9.3";
			developmentRegion = en;
			hasScannedForEncodings = 0;
			knownRegions = (
				en,
				Base,
			);
			mainGroup = 913E0C46262DA0590046D33F;
			productRefGroup = 913E0C50262DA0590046D33F /* Products */;
			projectDirPath = "";
			projectRoot = "";
			targets = (
				913E0C4E262DA0590046D33F /* Sports */,
				913E0C64262DA05C0046D33F /* SportsTests */,
				913E0C6F262DA05C0046D33F /* SportsUITests */,
			);
		};
/* End PBXProject section */

/* Begin PBXResourcesBuildPhase section */
		913E0C4D262DA0590046D33F /* Resources */ = {
			isa = PBXResourcesBuildPhase;
			buildActionMask = 2147483647;
			files = (
				913E0C5F262DA05C0046D33F /* LaunchScreen.storyboard in Resources */,
				913E0C5C262DA05C0046D33F /* Assets.xcassets in Resources */,
				913E0C5A262DA0590046D33F /* Main.storyboard in Resources */,
				0175E58726308DA20087C4A4 /* 1.jpg in Resources */,
			);
			runOnlyForDeploymentPostprocessing = 0;
		};
		913E0C63262DA05C0046D33F /* Resources */ = {
			isa = PBXResourcesBuildPhase;
			buildActionMask = 2147483647;
			files = (
			);
			runOnlyForDeploymentPostprocessing = 0;
		};
		913E0C6E262DA05C0046D33F /* Resources */ = {
			isa = PBXResourcesBuildPhase;
			buildActionMask = 2147483647;
			files = (
			);
			runOnlyForDeploymentPostprocessing = 0;
		};
/* End PBXResourcesBuildPhase section */

/* Begin PBXShellScriptBuildPhase section */
		26C2EFA708F7CF190C60CA1C /* [CP] Check Pods Manifest.lock */ = {
			isa = PBXShellScriptBuildPhase;
			buildActionMask = 2147483647;
			files = (
			);
			inputFileListPaths = (
			);
			inputPaths = (
				"${PODS_PODFILE_DIR_PATH}/Podfile.lock",
				"${PODS_ROOT}/Manifest.lock",
			);
			name = "[CP] Check Pods Manifest.lock";
			outputFileListPaths = (
			);
			outputPaths = (
				"$(DERIVED_FILE_DIR)/Pods-Sports-SportsUITests-checkManifestLockResult.txt",
			);
			runOnlyForDeploymentPostprocessing = 0;
			shellPath = /bin/sh;
			shellScript = "diff \"${PODS_PODFILE_DIR_PATH}/Podfile.lock\" \"${PODS_ROOT}/Manifest.lock\" > /dev/null\nif [ $? != 0 ] ; then\n    # print error to STDERR\n    echo \"error: The sandbox is not in sync with the Podfile.lock. Run 'pod install' or update your CocoaPods installation.\" >&2\n    exit 1\nfi\n# This output is used by Xcode 'outputs' to avoid re-running this script phase.\necho \"SUCCESS\" > \"${SCRIPT_OUTPUT_FILE_0}\"\n";
			showEnvVarsInLog = 0;
		};
		6EB174B4447A276994986E06 /* [CP] Embed Pods Frameworks */ = {
			isa = PBXShellScriptBuildPhase;
			buildActionMask = 2147483647;
			files = (
			);
			inputFileListPaths = (
				"${PODS_ROOT}/Target Support Files/Pods-Sports-SportsUITests/Pods-Sports-SportsUITests-frameworks-${CONFIGURATION}-input-files.xcfilelist",
			);
			name = "[CP] Embed Pods Frameworks";
			outputFileListPaths = (
				"${PODS_ROOT}/Target Support Files/Pods-Sports-SportsUITests/Pods-Sports-SportsUITests-frameworks-${CONFIGURATION}-output-files.xcfilelist",
			);
			runOnlyForDeploymentPostprocessing = 0;
			shellPath = /bin/sh;
			shellScript = "\"${PODS_ROOT}/Target Support Files/Pods-Sports-SportsUITests/Pods-Sports-SportsUITests-frameworks.sh\"\n";
			showEnvVarsInLog = 0;
		};
		76F460D7EF4446102A6A835E /* [CP] Check Pods Manifest.lock */ = {
			isa = PBXShellScriptBuildPhase;
			buildActionMask = 2147483647;
			files = (
			);
			inputFileListPaths = (
			);
			inputPaths = (
				"${PODS_PODFILE_DIR_PATH}/Podfile.lock",
				"${PODS_ROOT}/Manifest.lock",
			);
			name = "[CP] Check Pods Manifest.lock";
			outputFileListPaths = (
			);
			outputPaths = (
				"$(DERIVED_FILE_DIR)/Pods-SportsTests-checkManifestLockResult.txt",
			);
			runOnlyForDeploymentPostprocessing = 0;
			shellPath = /bin/sh;
			shellScript = "diff \"${PODS_PODFILE_DIR_PATH}/Podfile.lock\" \"${PODS_ROOT}/Manifest.lock\" > /dev/null\nif [ $? != 0 ] ; then\n    # print error to STDERR\n    echo \"error: The sandbox is not in sync with the Podfile.lock. Run 'pod install' or update your CocoaPods installation.\" >&2\n    exit 1\nfi\n# This output is used by Xcode 'outputs' to avoid re-running this script phase.\necho \"SUCCESS\" > \"${SCRIPT_OUTPUT_FILE_0}\"\n";
			showEnvVarsInLog = 0;
		};
		AFC6EFDDDAE2FC147E83C85F /* [CP] Check Pods Manifest.lock */ = {
			isa = PBXShellScriptBuildPhase;
			buildActionMask = 2147483647;
			files = (
			);
			inputFileListPaths = (
			);
			inputPaths = (
				"${PODS_PODFILE_DIR_PATH}/Podfile.lock",
				"${PODS_ROOT}/Manifest.lock",
			);
			name = "[CP] Check Pods Manifest.lock";
			outputFileListPaths = (
			);
			outputPaths = (
				"$(DERIVED_FILE_DIR)/Pods-Sports-checkManifestLockResult.txt",
			);
			runOnlyForDeploymentPostprocessing = 0;
			shellPath = /bin/sh;
			shellScript = "diff \"${PODS_PODFILE_DIR_PATH}/Podfile.lock\" \"${PODS_ROOT}/Manifest.lock\" > /dev/null\nif [ $? != 0 ] ; then\n    # print error to STDERR\n    echo \"error: The sandbox is not in sync with the Podfile.lock. Run 'pod install' or update your CocoaPods installation.\" >&2\n    exit 1\nfi\n# This output is used by Xcode 'outputs' to avoid re-running this script phase.\necho \"SUCCESS\" > \"${SCRIPT_OUTPUT_FILE_0}\"\n";
			showEnvVarsInLog = 0;
		};
		C1BB89B65FA1580F2C7A54B8 /* [CP] Embed Pods Frameworks */ = {
			isa = PBXShellScriptBuildPhase;
			buildActionMask = 2147483647;
			files = (
			);
			inputFileListPaths = (
				"${PODS_ROOT}/Target Support Files/Pods-Sports/Pods-Sports-frameworks-${CONFIGURATION}-input-files.xcfilelist",
			);
			name = "[CP] Embed Pods Frameworks";
			outputFileListPaths = (
				"${PODS_ROOT}/Target Support Files/Pods-Sports/Pods-Sports-frameworks-${CONFIGURATION}-output-files.xcfilelist",
			);
			runOnlyForDeploymentPostprocessing = 0;
			shellPath = /bin/sh;
			shellScript = "\"${PODS_ROOT}/Target Support Files/Pods-Sports/Pods-Sports-frameworks.sh\"\n";
			showEnvVarsInLog = 0;
		};
/* End PBXShellScriptBuildPhase section */

/* Begin PBXSourcesBuildPhase section */
		913E0C4B262DA0590046D33F /* Sources */ = {
			isa = PBXSourcesBuildPhase;
			buildActionMask = 2147483647;
			files = (
				0184427F26358D030040076C /* LatestResultsViewObject.swift in Sources */,
				913E0C57262DA0590046D33F /* ViewController.swift in Sources */,
				91C5DFCB26399F12008E67FA /* TeamDetailsPresenter.swift in Sources */,
				913E0C53262DA0590046D33F /* AppDelegate.swift in Sources */,
				0184428926358F650040076C /* TeamsViewObject.swift in Sources */,
				91C5DFC626399EFC008E67FA /* TeamDetailsPresenterProtocol.swift in Sources */,
				913D585A2630CF2B00A01058 /* HomePresenter.swift in Sources */,
				018B72A7263631AE00B71A2D /* UpcomingEvents.swift in Sources */,
				913E0C55262DA0590046D33F /* SceneDelegate.swift in Sources */,
				01AFBFDC263789B6002C8222 /* GetBadges.swift in Sources */,
				0184428426358ECD0040076C /* TeamisnLeague.swift in Sources */,
				019A67BF26360ECF00964451 /* UpcomingEventsViewObject.swift in Sources */,
				913E0CA7262DAE350046D33F /* Helper.swift in Sources */,
				915A5949262E414A00F203A0 /* LeagueTeams.swift in Sources */,
				019631E326337D9F005F0FAA /* LeaguePresenterProtocol.swift in Sources */,
				0184427426358C800040076C /* LatestResults.swift in Sources */,
				0184426F2635875D0040076C /* TeamsCollectionViewCell.swift in Sources */,
				915A592B262E2EFC00F203A0 /* Sports.swift in Sources */,
				91C5DFD026399F49008E67FA /* TeamDetailsObject.swift in Sources */,
				019631E826337DCE005F0FAA /* LeaguesTableViewController.swift in Sources */,
				913D585F2630D5D300A01058 /* HomeDelegateProtocol.swift in Sources */,
				019631DC26337D77005F0FAA /* LeagueViewObject.swift in Sources */,
				9197A7A92630A2DC00DF0888 /* HomeCollectionViewController.swift in Sources */,
				915A5943262E3DC500F203A0 /* LeagueDetails.swift in Sources */,
				91C5DFD52639A80E008E67FA /* TeamDetailsViewController.swift in Sources */,
				916EB0FB26382A96007C8191 /* LeaguesDetailsPresenterProtocol.swift in Sources */,
				019631E226337D9F005F0FAA /* LeaguePresenter.swift in Sources */,
				9197A7A12630A2C800DF0888 /* HomeCollectionViewCell.swift in Sources */,
				019A67A72635F0B200964451 /* LeagueDetailsViewController.swift in Sources */,
				915A5935262E38BB00F203A0 /* Leagues.swift in Sources */,
				0110CF6726307D6600970DD5 /* RemoteProtocol.swift in Sources */,
				913D58552630CE7E00A01058 /* HomePresenterProtocol.swift in Sources */,
				0110CF6C26307D9500970DD5 /* Remote.swift in Sources */,
				916EB10326382EDD007C8191 /* LeaguesDetailsPresenter.swift in Sources */,
				01844265263587450040076C /* LatestResultsCollectionViewCell.swift in Sources */,
				019631ED26337DF5005F0FAA /* LeagueTableViewCell.swift in Sources */,
				0184426A263587540040076C /* UpcomingEventsCollectionViewCell.swift in Sources */,
			);
			runOnlyForDeploymentPostprocessing = 0;
		};
		913E0C61262DA05C0046D33F /* Sources */ = {
			isa = PBXSourcesBuildPhase;
			buildActionMask = 2147483647;
			files = (
				913E0C6A262DA05C0046D33F /* SportsTests.swift in Sources */,
			);
			runOnlyForDeploymentPostprocessing = 0;
		};
		913E0C6C262DA05C0046D33F /* Sources */ = {
			isa = PBXSourcesBuildPhase;
			buildActionMask = 2147483647;
			files = (
				913E0C75262DA05C0046D33F /* SportsUITests.swift in Sources */,
			);
			runOnlyForDeploymentPostprocessing = 0;
		};
/* End PBXSourcesBuildPhase section */

/* Begin PBXTargetDependency section */
		913E0C67262DA05C0046D33F /* PBXTargetDependency */ = {
			isa = PBXTargetDependency;
			target = 913E0C4E262DA0590046D33F /* Sports */;
			targetProxy = 913E0C66262DA05C0046D33F /* PBXContainerItemProxy */;
		};
		913E0C72262DA05C0046D33F /* PBXTargetDependency */ = {
			isa = PBXTargetDependency;
			target = 913E0C4E262DA0590046D33F /* Sports */;
			targetProxy = 913E0C71262DA05C0046D33F /* PBXContainerItemProxy */;
		};
/* End PBXTargetDependency section */

/* Begin PBXVariantGroup section */
		913E0C58262DA0590046D33F /* Main.storyboard */ = {
			isa = PBXVariantGroup;
			children = (
				913E0C59262DA0590046D33F /* Base */,
			);
			name = Main.storyboard;
			sourceTree = "<group>";
		};
		913E0C5D262DA05C0046D33F /* LaunchScreen.storyboard */ = {
			isa = PBXVariantGroup;
			children = (
				913E0C5E262DA05C0046D33F /* Base */,
			);
			name = LaunchScreen.storyboard;
			sourceTree = "<group>";
		};
/* End PBXVariantGroup section */

/* Begin XCBuildConfiguration section */
		913E0C77262DA05C0046D33F /* Debug */ = {
			isa = XCBuildConfiguration;
			buildSettings = {
				ALWAYS_SEARCH_USER_PATHS = NO;
				CLANG_ANALYZER_NONNULL = YES;
				CLANG_ANALYZER_NUMBER_OBJECT_CONVERSION = YES_AGGRESSIVE;
				CLANG_CXX_LANGUAGE_STANDARD = "gnu++14";
				CLANG_CXX_LIBRARY = "libc++";
				CLANG_ENABLE_MODULES = YES;
				CLANG_ENABLE_OBJC_ARC = YES;
				CLANG_ENABLE_OBJC_WEAK = YES;
				CLANG_WARN_BLOCK_CAPTURE_AUTORELEASING = YES;
				CLANG_WARN_BOOL_CONVERSION = YES;
				CLANG_WARN_COMMA = YES;
				CLANG_WARN_CONSTANT_CONVERSION = YES;
				CLANG_WARN_DEPRECATED_OBJC_IMPLEMENTATIONS = YES;
				CLANG_WARN_DIRECT_OBJC_ISA_USAGE = YES_ERROR;
				CLANG_WARN_DOCUMENTATION_COMMENTS = YES;
				CLANG_WARN_EMPTY_BODY = YES;
				CLANG_WARN_ENUM_CONVERSION = YES;
				CLANG_WARN_INFINITE_RECURSION = YES;
				CLANG_WARN_INT_CONVERSION = YES;
				CLANG_WARN_NON_LITERAL_NULL_CONVERSION = YES;
				CLANG_WARN_OBJC_IMPLICIT_RETAIN_SELF = YES;
				CLANG_WARN_OBJC_LITERAL_CONVERSION = YES;
				CLANG_WARN_OBJC_ROOT_CLASS = YES_ERROR;
				CLANG_WARN_QUOTED_INCLUDE_IN_FRAMEWORK_HEADER = YES;
				CLANG_WARN_RANGE_LOOP_ANALYSIS = YES;
				CLANG_WARN_STRICT_PROTOTYPES = YES;
				CLANG_WARN_SUSPICIOUS_MOVE = YES;
				CLANG_WARN_UNGUARDED_AVAILABILITY = YES_AGGRESSIVE;
				CLANG_WARN_UNREACHABLE_CODE = YES;
				CLANG_WARN__DUPLICATE_METHOD_MATCH = YES;
				COPY_PHASE_STRIP = NO;
				DEBUG_INFORMATION_FORMAT = dwarf;
				ENABLE_STRICT_OBJC_MSGSEND = YES;
				ENABLE_TESTABILITY = YES;
				GCC_C_LANGUAGE_STANDARD = gnu11;
				GCC_DYNAMIC_NO_PIC = NO;
				GCC_NO_COMMON_BLOCKS = YES;
				GCC_OPTIMIZATION_LEVEL = 0;
				GCC_PREPROCESSOR_DEFINITIONS = (
					"DEBUG=1",
					"$(inherited)",
				);
				GCC_WARN_64_TO_32_BIT_CONVERSION = YES;
				GCC_WARN_ABOUT_RETURN_TYPE = YES_ERROR;
				GCC_WARN_UNDECLARED_SELECTOR = YES;
				GCC_WARN_UNINITIALIZED_AUTOS = YES_AGGRESSIVE;
				GCC_WARN_UNUSED_FUNCTION = YES;
				GCC_WARN_UNUSED_VARIABLE = YES;
				IPHONEOS_DEPLOYMENT_TARGET = 14.4;
				MTL_ENABLE_DEBUG_INFO = INCLUDE_SOURCE;
				MTL_FAST_MATH = YES;
				ONLY_ACTIVE_ARCH = YES;
				SDKROOT = iphoneos;
				SWIFT_ACTIVE_COMPILATION_CONDITIONS = DEBUG;
				SWIFT_OPTIMIZATION_LEVEL = "-Onone";
			};
			name = Debug;
		};
		913E0C78262DA05C0046D33F /* Release */ = {
			isa = XCBuildConfiguration;
			buildSettings = {
				ALWAYS_SEARCH_USER_PATHS = NO;
				CLANG_ANALYZER_NONNULL = YES;
				CLANG_ANALYZER_NUMBER_OBJECT_CONVERSION = YES_AGGRESSIVE;
				CLANG_CXX_LANGUAGE_STANDARD = "gnu++14";
				CLANG_CXX_LIBRARY = "libc++";
				CLANG_ENABLE_MODULES = YES;
				CLANG_ENABLE_OBJC_ARC = YES;
				CLANG_ENABLE_OBJC_WEAK = YES;
				CLANG_WARN_BLOCK_CAPTURE_AUTORELEASING = YES;
				CLANG_WARN_BOOL_CONVERSION = YES;
				CLANG_WARN_COMMA = YES;
				CLANG_WARN_CONSTANT_CONVERSION = YES;
				CLANG_WARN_DEPRECATED_OBJC_IMPLEMENTATIONS = YES;
				CLANG_WARN_DIRECT_OBJC_ISA_USAGE = YES_ERROR;
				CLANG_WARN_DOCUMENTATION_COMMENTS = YES;
				CLANG_WARN_EMPTY_BODY = YES;
				CLANG_WARN_ENUM_CONVERSION = YES;
				CLANG_WARN_INFINITE_RECURSION = YES;
				CLANG_WARN_INT_CONVERSION = YES;
				CLANG_WARN_NON_LITERAL_NULL_CONVERSION = YES;
				CLANG_WARN_OBJC_IMPLICIT_RETAIN_SELF = YES;
				CLANG_WARN_OBJC_LITERAL_CONVERSION = YES;
				CLANG_WARN_OBJC_ROOT_CLASS = YES_ERROR;
				CLANG_WARN_QUOTED_INCLUDE_IN_FRAMEWORK_HEADER = YES;
				CLANG_WARN_RANGE_LOOP_ANALYSIS = YES;
				CLANG_WARN_STRICT_PROTOTYPES = YES;
				CLANG_WARN_SUSPICIOUS_MOVE = YES;
				CLANG_WARN_UNGUARDED_AVAILABILITY = YES_AGGRESSIVE;
				CLANG_WARN_UNREACHABLE_CODE = YES;
				CLANG_WARN__DUPLICATE_METHOD_MATCH = YES;
				COPY_PHASE_STRIP = NO;
				DEBUG_INFORMATION_FORMAT = "dwarf-with-dsym";
				ENABLE_NS_ASSERTIONS = NO;
				ENABLE_STRICT_OBJC_MSGSEND = YES;
				GCC_C_LANGUAGE_STANDARD = gnu11;
				GCC_NO_COMMON_BLOCKS = YES;
				GCC_WARN_64_TO_32_BIT_CONVERSION = YES;
				GCC_WARN_ABOUT_RETURN_TYPE = YES_ERROR;
				GCC_WARN_UNDECLARED_SELECTOR = YES;
				GCC_WARN_UNINITIALIZED_AUTOS = YES_AGGRESSIVE;
				GCC_WARN_UNUSED_FUNCTION = YES;
				GCC_WARN_UNUSED_VARIABLE = YES;
				IPHONEOS_DEPLOYMENT_TARGET = 14.4;
				MTL_ENABLE_DEBUG_INFO = NO;
				MTL_FAST_MATH = YES;
				SDKROOT = iphoneos;
				SWIFT_COMPILATION_MODE = wholemodule;
				SWIFT_OPTIMIZATION_LEVEL = "-O";
				VALIDATE_PRODUCT = YES;
			};
			name = Release;
		};
		913E0C7A262DA05C0046D33F /* Debug */ = {
			isa = XCBuildConfiguration;
			baseConfigurationReference = 7C4DFA78662DFAB0B980ACA5 /* Pods-Sports.debug.xcconfig */;
			buildSettings = {
				ASSETCATALOG_COMPILER_APPICON_NAME = AppIcon;
				ASSETCATALOG_COMPILER_GLOBAL_ACCENT_COLOR_NAME = AccentColor;
				CODE_SIGN_STYLE = Automatic;
				INFOPLIST_FILE = Sports/Info.plist;
				LD_RUNPATH_SEARCH_PATHS = (
					"$(inherited)",
					"@executable_path/Frameworks",
				);
				PRODUCT_BUNDLE_IDENTIFIER = "Mina-Kamal.Sports";
				PRODUCT_NAME = "$(TARGET_NAME)";
				SWIFT_VERSION = 5.0;
				TARGETED_DEVICE_FAMILY = "1,2";
			};
			name = Debug;
		};
		913E0C7B262DA05C0046D33F /* Release */ = {
			isa = XCBuildConfiguration;
			baseConfigurationReference = 65F1D31AB87D016302559B8B /* Pods-Sports.release.xcconfig */;
			buildSettings = {
				ASSETCATALOG_COMPILER_APPICON_NAME = AppIcon;
				ASSETCATALOG_COMPILER_GLOBAL_ACCENT_COLOR_NAME = AccentColor;
				CODE_SIGN_STYLE = Automatic;
				INFOPLIST_FILE = Sports/Info.plist;
				LD_RUNPATH_SEARCH_PATHS = (
					"$(inherited)",
					"@executable_path/Frameworks",
				);
				PRODUCT_BUNDLE_IDENTIFIER = "Mina-Kamal.Sports";
				PRODUCT_NAME = "$(TARGET_NAME)";
				SWIFT_VERSION = 5.0;
				TARGETED_DEVICE_FAMILY = "1,2";
			};
			name = Release;
		};
		913E0C7D262DA05C0046D33F /* Debug */ = {
			isa = XCBuildConfiguration;
			baseConfigurationReference = 9630304FFB4BC27B385ECE63 /* Pods-SportsTests.debug.xcconfig */;
			buildSettings = {
				ALWAYS_EMBED_SWIFT_STANDARD_LIBRARIES = YES;
				BUNDLE_LOADER = "$(TEST_HOST)";
				CODE_SIGN_STYLE = Automatic;
				INFOPLIST_FILE = SportsTests/Info.plist;
				IPHONEOS_DEPLOYMENT_TARGET = 14.4;
				LD_RUNPATH_SEARCH_PATHS = (
					"$(inherited)",
					"@executable_path/Frameworks",
					"@loader_path/Frameworks",
				);
				PRODUCT_BUNDLE_IDENTIFIER = "Mina-Kamal.SportsTests";
				PRODUCT_NAME = "$(TARGET_NAME)";
				SWIFT_VERSION = 5.0;
				TARGETED_DEVICE_FAMILY = "1,2";
				TEST_HOST = "$(BUILT_PRODUCTS_DIR)/Sports.app/Sports";
			};
			name = Debug;
		};
		913E0C7E262DA05C0046D33F /* Release */ = {
			isa = XCBuildConfiguration;
			baseConfigurationReference = 93B6867F740E1D46DD78228D /* Pods-SportsTests.release.xcconfig */;
			buildSettings = {
				ALWAYS_EMBED_SWIFT_STANDARD_LIBRARIES = YES;
				BUNDLE_LOADER = "$(TEST_HOST)";
				CODE_SIGN_STYLE = Automatic;
				INFOPLIST_FILE = SportsTests/Info.plist;
				IPHONEOS_DEPLOYMENT_TARGET = 14.4;
				LD_RUNPATH_SEARCH_PATHS = (
					"$(inherited)",
					"@executable_path/Frameworks",
					"@loader_path/Frameworks",
				);
				PRODUCT_BUNDLE_IDENTIFIER = "Mina-Kamal.SportsTests";
				PRODUCT_NAME = "$(TARGET_NAME)";
				SWIFT_VERSION = 5.0;
				TARGETED_DEVICE_FAMILY = "1,2";
				TEST_HOST = "$(BUILT_PRODUCTS_DIR)/Sports.app/Sports";
			};
			name = Release;
		};
		913E0C80262DA05C0046D33F /* Debug */ = {
			isa = XCBuildConfiguration;
			baseConfigurationReference = 24C29D40508E91A0ABC96365 /* Pods-Sports-SportsUITests.debug.xcconfig */;
			buildSettings = {
				ALWAYS_EMBED_SWIFT_STANDARD_LIBRARIES = YES;
				CODE_SIGN_STYLE = Automatic;
				INFOPLIST_FILE = SportsUITests/Info.plist;
				LD_RUNPATH_SEARCH_PATHS = (
					"$(inherited)",
					"@executable_path/Frameworks",
					"@loader_path/Frameworks",
				);
				PRODUCT_BUNDLE_IDENTIFIER = "Mina-Kamal.SportsUITests";
				PRODUCT_NAME = "$(TARGET_NAME)";
				SWIFT_VERSION = 5.0;
				TARGETED_DEVICE_FAMILY = "1,2";
				TEST_TARGET_NAME = Sports;
			};
			name = Debug;
		};
		913E0C81262DA05C0046D33F /* Release */ = {
			isa = XCBuildConfiguration;
			baseConfigurationReference = 876EB3C5A273B7DDC2AB7567 /* Pods-Sports-SportsUITests.release.xcconfig */;
			buildSettings = {
				ALWAYS_EMBED_SWIFT_STANDARD_LIBRARIES = YES;
				CODE_SIGN_STYLE = Automatic;
				INFOPLIST_FILE = SportsUITests/Info.plist;
				LD_RUNPATH_SEARCH_PATHS = (
					"$(inherited)",
					"@executable_path/Frameworks",
					"@loader_path/Frameworks",
				);
				PRODUCT_BUNDLE_IDENTIFIER = "Mina-Kamal.SportsUITests";
				PRODUCT_NAME = "$(TARGET_NAME)";
				SWIFT_VERSION = 5.0;
				TARGETED_DEVICE_FAMILY = "1,2";
				TEST_TARGET_NAME = Sports;
			};
			name = Release;
		};
/* End XCBuildConfiguration section */

/* Begin XCConfigurationList section */
		913E0C4A262DA0590046D33F /* Build configuration list for PBXProject "Sports" */ = {
			isa = XCConfigurationList;
			buildConfigurations = (
				913E0C77262DA05C0046D33F /* Debug */,
				913E0C78262DA05C0046D33F /* Release */,
			);
			defaultConfigurationIsVisible = 0;
			defaultConfigurationName = Release;
		};
		913E0C79262DA05C0046D33F /* Build configuration list for PBXNativeTarget "Sports" */ = {
			isa = XCConfigurationList;
			buildConfigurations = (
				913E0C7A262DA05C0046D33F /* Debug */,
				913E0C7B262DA05C0046D33F /* Release */,
			);
			defaultConfigurationIsVisible = 0;
			defaultConfigurationName = Release;
		};
		913E0C7C262DA05C0046D33F /* Build configuration list for PBXNativeTarget "SportsTests" */ = {
			isa = XCConfigurationList;
			buildConfigurations = (
				913E0C7D262DA05C0046D33F /* Debug */,
				913E0C7E262DA05C0046D33F /* Release */,
			);
			defaultConfigurationIsVisible = 0;
			defaultConfigurationName = Release;
		};
		913E0C7F262DA05C0046D33F /* Build configuration list for PBXNativeTarget "SportsUITests" */ = {
			isa = XCConfigurationList;
			buildConfigurations = (
				913E0C80262DA05C0046D33F /* Debug */,
				913E0C81262DA05C0046D33F /* Release */,
			);
			defaultConfigurationIsVisible = 0;
			defaultConfigurationName = Release;
		};
/* End XCConfigurationList section */
	};
	rootObject = 913E0C47262DA0590046D33F /* Project object */;
}
